
Microsoft Visual Studio Solution File, Format Version 12.00
# Visual Studio Version 16
VisualStudioVersion = 16.0.30413.136
MinimumVisualStudioVersion = 10.0.40219.1
Project("{FAE04EC0-301F-11D3-BF4B-00C04F79EFBC}") = "CWB205", "CWB205.csproj", "{1A9C14EE-E11D-4042-AD3F-B125FFD526A0}"
EndProject
Global
	GlobalSection(SolutionConfigurationPlatforms) = preSolution
		Debug|Any CPU = Debug|Any CPU
		Release|Any CPU = Release|Any CPU
	EndGlobalSection
	GlobalSection(ProjectConfigurationPlatforms) = postSolution
		{1A9C14EE-E11D-4042-AD3F-B125FFD526A0}.Debug|Any CPU.ActiveCfg = Debug|Any CPU
		{1A9C14EE-E11D-4042-AD3F-B125FFD526A0}.Debug|Any CPU.Build.0 = Debug|Any CPU
		{1A9C14EE-E11D-4042-AD3F-B125FFD526A0}.Release|Any CPU.ActiveCfg = Release|Any CPU
		{1A9C14EE-E11D-4042-AD3F-B125FFD526A0}.Release|Any CPU.Build.0 = Release|Any CPU
	EndGlobalSection
	GlobalSection(SolutionProperties) = preSolution
		HideSolutionNode = FALSE
	EndGlobalSection
	GlobalSection(ExtensibilityGlobals) = postSolution
		SolutionGuid = {B747C68C-AEDD-46AC-9D99-CFD5BDE92AA9}
	EndGlobalSection
EndGlobal
